# This file is automatically @generated by pesde.
# It is not intended for manual editing.
format = 2
name = "isoopod/react_emitter"
version = "1.0.0"
target = "roblox"

[graph."0x5eal/unzip@0.2.0 luau".pkg_ref]
ref_ty = "pesde"
index_url = "https://github.com/pesde-pkg/index"

[graph."0x5eal/unzip@0.2.0 luau".pkg_ref.dependencies]
asciitable = [{ name = "kimpure/asciitable", version = "^0.2.3", index = "https://github.com/pesde-pkg/index" }, "dev"]
dirs = [{ name = "jiwonz/dirs", version = "^0.6.0", index = "https://github.com/pesde-pkg/index", target = "lune" }, "dev"]
frktest = [{ name = "itsfrank/frktest", version = "^0.0.4", index = "https://github.com/pesde-pkg/index" }, "dev"]
luau-lsp = [{ name = "pesde/luau_lsp", version = "=1.53.2", index = "https://github.com/pesde-pkg/index", target = "lune" }, "dev"]
stylua = [{ name = "pesde/stylua", version = "=2.1.0", index = "https://github.com/pesde-pkg/index", target = "lune" }, "dev"]

[graph."jiwonz/dirs@0.6.0 lune".dependencies]
greentea = ["jiwonz/greentea_luau@0.2.0 luau", "standard"]
pathfs = ["jiwonz/pathfs@0.6.0 lune", "standard"]

[graph."jiwonz/dirs@0.6.0 lune".pkg_ref]
ref_ty = "pesde"
index_url = "https://github.com/pesde-pkg/index"

[graph."jiwonz/dirs@0.6.0 lune".pkg_ref.dependencies]
greentea = [{ name = "jiwonz/greentea_luau", version = "^0.2.0", index = "https://github.com/pesde-pkg/index", target = "luau" }, "standard"]
pathfs = [{ name = "jiwonz/pathfs", version = "^0.6.0", index = "https://github.com/pesde-pkg/index" }, "standard"]

[graph."jiwonz/greentea_luau@0.2.0 luau".pkg_ref]
ref_ty = "pesde"
index_url = "https://github.com/pesde-pkg/index"

[graph."jiwonz/luau_disk@0.2.0 luau".pkg_ref]
ref_ty = "pesde"
index_url = "https://github.com/pesde-pkg/index"

[graph."jiwonz/luau_path@0.2.0 luau".dependencies]
luau_disk = ["jiwonz/luau_disk@0.2.0 luau", "standard"]

[graph."jiwonz/luau_path@0.2.0 luau".pkg_ref]
ref_ty = "pesde"
index_url = "https://github.com/pesde-pkg/index"

[graph."jiwonz/luau_path@0.2.0 luau".pkg_ref.dependencies]
luau_disk = [{ name = "jiwonz/luau_disk", version = "^0.2.0", index = "https://github.com/pesde-pkg/index" }, "standard"]

[graph."jiwonz/pathfs@0.6.0 lune".dependencies]
greentea = ["jiwonz/greentea_luau@0.2.0 luau", "standard"]
luau_path = ["jiwonz/luau_path@0.2.0 luau", "standard"]

[graph."jiwonz/pathfs@0.6.0 lune".pkg_ref]
ref_ty = "pesde"
index_url = "https://github.com/pesde-pkg/index"

[graph."jiwonz/pathfs@0.6.0 lune".pkg_ref.dependencies]
frktest = [{ name = "itsfrank/frktest", version = "^0.0.4", index = "https://github.com/pesde-pkg/index", target = "luau" }, "dev"]
greentea = [{ name = "jiwonz/greentea_luau", version = "^0.2.0", index = "https://github.com/pesde-pkg/index", target = "luau" }, "standard"]
luau_path = [{ name = "jiwonz/luau_path", version = "^0.2.0", index = "https://github.com/pesde-pkg/index", target = "luau" }, "standard"]

[graph."lukadev_0/option@1.2.1 lune".pkg_ref]
ref_ty = "pesde"
index_url = "https://github.com/pesde-pkg/index"

[graph."lukadev_0/result@1.2.1 lune".pkg_ref]
ref_ty = "pesde"
index_url = "https://github.com/pesde-pkg/index"

[graph."pepeeltoro41/ui_labs@2.4.2 roblox"]
direct = ["UI_Labs", { name = "pepeeltoro41/ui_labs", version = "^2.4.2", index = "default" }, "dev"]

[graph."pepeeltoro41/ui_labs@2.4.2 roblox".pkg_ref]
ref_ty = "pesde"
index_url = "https://github.com/pesde-pkg/index"

[graph."pesde/rojo@7.6.1 lune".dependencies]
option = ["lukadev_0/option@1.2.1 lune", "standard"]
result = ["lukadev_0/result@1.2.1 lune", "standard"]
toolchainlib = ["pesde/toolchainlib@0.2.2 lune", "standard"]

[graph."pesde/rojo@7.6.1 lune".pkg_ref]
ref_ty = "pesde"
index_url = "https://github.com/pesde-pkg/index"

[graph."pesde/rojo@7.6.1 lune".pkg_ref.dependencies]
option = [{ name = "lukadev_0/option", version = "^1.2.1", index = "https://github.com/pesde-pkg/index" }, "standard"]
result = [{ name = "lukadev_0/result", version = "^1.2.1", index = "https://github.com/pesde-pkg/index" }, "standard"]
toolchainlib = [{ name = "pesde/toolchainlib", version = "^0.2.1", index = "https://github.com/pesde-pkg/index", target = "lune" }, "standard"]

[graph."pesde/rojo@7.7.0 lune"]
direct = ["rojo", { name = "pesde/rojo", version = "^7.7.0", index = "default", target = "lune" }, "dev"]

[graph."pesde/rojo@7.7.0 lune".dependencies]
option = ["lukadev_0/option@1.2.1 lune", "standard"]
result = ["lukadev_0/result@1.2.1 lune", "standard"]
toolchainlib = ["pesde/toolchainlib@0.2.2 lune", "standard"]

[graph."pesde/rojo@7.7.0 lune".pkg_ref]
ref_ty = "pesde"
index_url = "https://github.com/pesde-pkg/index"

[graph."pesde/rojo@7.7.0 lune".pkg_ref.dependencies]
option = [{ name = "lukadev_0/option", version = "^1.2.1", index = "https://github.com/pesde-pkg/index" }, "standard"]
result = [{ name = "lukadev_0/result", version = "^1.2.1", index = "https://github.com/pesde-pkg/index" }, "standard"]
toolchainlib = [{ name = "pesde/toolchainlib", version = "^0.2.2", index = "https://github.com/pesde-pkg/index", target = "lune" }, "standard"]

[graph."pesde/scripts_core@0.2.0 lune".pkg_ref]
ref_ty = "pesde"
index_url = "https://github.com/pesde-pkg/index"

[graph."pesde/scripts_core@0.2.0 lune".pkg_ref.dependencies]
argon = [{ name = "pesde/argon", version = "^2.0.26", index = "https://github.com/pesde-pkg/index" }, "dev"]
frktest = [{ name = "itsfrank/frktest", version = "^0.0.4", index = "https://github.com/pesde-pkg/index", target = "luau" }, "dev"]
luau-lsp = [{ name = "pesde/luau_lsp", version = "^1.53.5", index = "https://github.com/pesde-pkg/index" }, "dev"]
pathfs = [{ name = "jiwonz/pathfs", version = "^0.6.0", index = "https://github.com/pesde-pkg/index" }, "dev"]
rojo = [{ name = "pesde/rojo", version = "^7.5.1", index = "https://github.com/pesde-pkg/index" }, "dev"]
stylua = [{ name = "pesde/stylua", version = "^2.2.0", index = "https://github.com/pesde-pkg/index" }, "dev"]

[graph."pesde/scripts_rojo@0.2.0 lune"]
direct = ["scripts", { name = "pesde/scripts_rojo", version = "^0.2.0", index = "default", target = "lune" }, "dev"]

[graph."pesde/scripts_rojo@0.2.0 lune".dependencies]
rojo = ["pesde/rojo@7.6.1 lune", "peer"]
scripts_core = ["pesde/scripts_core@0.2.0 lune", "standard"]

[graph."pesde/scripts_rojo@0.2.0 lune".pkg_ref]
ref_ty = "pesde"
index_url = "https://github.com/pesde-pkg/index"

[graph."pesde/scripts_rojo@0.2.0 lune".pkg_ref.dependencies]
rojo = [{ name = "pesde/rojo", version = "^7.5.1", index = "https://github.com/pesde-pkg/index" }, "peer"]
scripts_core = [{ name = "pesde/scripts_core", version = "^0.2.0", index = "https://github.com/pesde-pkg/index", target = "lune" }, "standard"]

[graph."pesde/toolchainlib@0.2.2 lune".dependencies]
dirs = ["jiwonz/dirs@0.6.0 lune", "standard"]
option = ["lukadev_0/option@1.2.1 lune", "peer"]
pathfs = ["jiwonz/pathfs@0.6.0 lune", "standard"]
result = ["lukadev_0/result@1.2.1 lune", "peer"]
unzip = ["0x5eal/unzip@0.2.0 luau", "standard"]

[graph."pesde/toolchainlib@0.2.2 lune".pkg_ref]
ref_ty = "pesde"
index_url = "https://github.com/pesde-pkg/index"

[graph."pesde/toolchainlib@0.2.2 lune".pkg_ref.dependencies]
dirs = [{ name = "jiwonz/dirs", version = "^0.6.0", index = "https://github.com/pesde-pkg/index" }, "standard"]
option = [{ name = "lukadev_0/option", version = "^1.2.1", index = "https://github.com/pesde-pkg/index" }, "peer"]
pathfs = [{ name = "jiwonz/pathfs", version = "^0.6.0", index = "https://github.com/pesde-pkg/index" }, "standard"]
result = [{ name = "lukadev_0/result", version = "^1.2.1", index = "https://github.com/pesde-pkg/index" }, "peer"]
unzip = [{ name = "0x5eal/unzip", version = "^0.2.0", index = "https://github.com/pesde-pkg/index", target = "luau" }, "standard"]

[graph."wally#roblox/luau-polyfill@1.2.5 roblox".dependencies]
Boolean = ["wally#roblox/luau-polyfill-boolean@1.2.5 roblox", "standard"]
Collections = ["wally#roblox/luau-polyfill-collections@1.2.5 roblox", "standard"]
Console = ["wally#roblox/luau-polyfill-console@1.2.5 roblox", "standard"]
ES7Types = ["wally#roblox/luau-polyfill-es7-types@1.2.5 roblox", "standard"]
InstanceOf = ["wally#roblox/luau-polyfill-instance-of@1.2.5 roblox", "standard"]
Math = ["wally#roblox/luau-polyfill-math@1.2.5 roblox", "standard"]
Number = ["wally#roblox/luau-polyfill-number@1.2.5 roblox", "standard"]
String = ["wally#roblox/luau-polyfill-string@1.2.5 roblox", "standard"]
Symbol = ["wally#roblox/symbol@1.0.1 roblox", "standard"]
Timers = ["wally#roblox/luau-polyfill-timers@1.2.5 roblox", "standard"]

[graph."wally#roblox/luau-polyfill@1.2.5 roblox".pkg_ref]
ref_ty = "wally"
index_url = "https://github.com/UpliftGames/wally-index"

[graph."wally#roblox/luau-polyfill@1.2.5 roblox".pkg_ref.dependencies]
Boolean = [{ wally = "wally#roblox/luau-polyfill-boolean", version = "=1.2.5", index = "https://github.com/UpliftGames/wally-index" }, "standard"]
Collections = [{ wally = "wally#roblox/luau-polyfill-collections", version = "=1.2.5", index = "https://github.com/UpliftGames/wally-index" }, "standard"]
Console = [{ wally = "wally#roblox/luau-polyfill-console", version = "=1.2.5", index = "https://github.com/UpliftGames/wally-index" }, "standard"]
ES7Types = [{ wally = "wally#roblox/luau-polyfill-es7-types", version = "=1.2.5", index = "https://github.com/UpliftGames/wally-index" }, "standard"]
InstanceOf = [{ wally = "wally#roblox/luau-polyfill-instance-of", version = "=1.2.5", index = "https://github.com/UpliftGames/wally-index" }, "standard"]
Math = [{ wally = "wally#roblox/luau-polyfill-math", version = "=1.2.5", index = "https://github.com/UpliftGames/wally-index" }, "standard"]
Number = [{ wally = "wally#roblox/luau-polyfill-number", version = "=1.2.5", index = "https://github.com/UpliftGames/wally-index" }, "standard"]
String = [{ wally = "wally#roblox/luau-polyfill-string", version = "=1.2.5", index = "https://github.com/UpliftGames/wally-index" }, "standard"]
Symbol = [{ wally = "wally#roblox/symbol", version = "=1.0.1", index = "https://github.com/UpliftGames/wally-index" }, "standard"]
Timers = [{ wally = "wally#roblox/luau-polyfill-timers", version = "=1.2.5", index = "https://github.com/UpliftGames/wally-index" }, "standard"]

[graph."wally#roblox/luau-polyfill-boolean@1.2.5 roblox".dependencies]
Number = ["wally#roblox/luau-polyfill-number@1.2.5 roblox", "standard"]

[graph."wally#roblox/luau-polyfill-boolean@1.2.5 roblox".pkg_ref]
ref_ty = "wally"
index_url = "https://github.com/UpliftGames/wally-index"

[graph."wally#roblox/luau-polyfill-boolean@1.2.5 roblox".pkg_ref.dependencies]
Number = [{ wally = "wally#roblox/luau-polyfill-number", version = "=1.2.5", index = "https://github.com/UpliftGames/wally-index" }, "standard"]

[graph."wally#roblox/luau-polyfill-collections@1.2.5 roblox".dependencies]
ES7Types = ["wally#roblox/luau-polyfill-es7-types@1.2.5 roblox", "standard"]
InstanceOf = ["wally#roblox/luau-polyfill-instance-of@1.2.5 roblox", "standard"]

[graph."wally#roblox/luau-polyfill-collections@1.2.5 roblox".pkg_ref]
ref_ty = "wally"
index_url = "https://github.com/UpliftGames/wally-index"

[graph."wally#roblox/luau-polyfill-collections@1.2.5 roblox".pkg_ref.dependencies]
ES7Types = [{ wally = "wally#roblox/luau-polyfill-es7-types", version = "=1.2.5", index = "https://github.com/UpliftGames/wally-index" }, "standard"]
InstanceOf = [{ wally = "wally#roblox/luau-polyfill-instance-of", version = "=1.2.5", index = "https://github.com/UpliftGames/wally-index" }, "standard"]

[graph."wally#roblox/luau-polyfill-console@1.2.5 roblox".dependencies]
Collections = ["wally#roblox/luau-polyfill-collections@1.2.5 roblox", "standard"]

[graph."wally#roblox/luau-polyfill-console@1.2.5 roblox".pkg_ref]
ref_ty = "wally"
index_url = "https://github.com/UpliftGames/wally-index"

[graph."wally#roblox/luau-polyfill-console@1.2.5 roblox".pkg_ref.dependencies]
Collections = [{ wally = "wally#roblox/luau-polyfill-collections", version = "=1.2.5", index = "https://github.com/UpliftGames/wally-index" }, "standard"]

[graph."wally#roblox/luau-polyfill-es7-types@1.2.5 roblox".pkg_ref]
ref_ty = "wally"
index_url = "https://github.com/UpliftGames/wally-index"

[graph."wally#roblox/luau-polyfill-instance-of@1.2.5 roblox".pkg_ref]
ref_ty = "wally"
index_url = "https://github.com/UpliftGames/wally-index"

[graph."wally#roblox/luau-polyfill-math@1.2.5 roblox".pkg_ref]
ref_ty = "wally"
index_url = "https://github.com/UpliftGames/wally-index"

[graph."wally#roblox/luau-polyfill-number@1.2.5 roblox".pkg_ref]
ref_ty = "wally"
index_url = "https://github.com/UpliftGames/wally-index"

[graph."wally#roblox/luau-polyfill-string@1.2.5 roblox".dependencies]
ES7Types = ["wally#roblox/luau-polyfill-es7-types@1.2.5 roblox", "standard"]
Number = ["wally#roblox/luau-polyfill-number@1.2.5 roblox", "standard"]

[graph."wally#roblox/luau-polyfill-string@1.2.5 roblox".pkg_ref]
ref_ty = "wally"
index_url = "https://github.com/UpliftGames/wally-index"

[graph."wally#roblox/luau-polyfill-string@1.2.5 roblox".pkg_ref.dependencies]
ES7Types = [{ wally = "wally#roblox/luau-polyfill-es7-types", version = "=1.2.5", index = "https://github.com/UpliftGames/wally-index" }, "standard"]
Number = [{ wally = "wally#roblox/luau-polyfill-number", version = "=1.2.5", index = "https://github.com/UpliftGames/wally-index" }, "standard"]

[graph."wally#roblox/luau-polyfill-timers@1.2.5 roblox".dependencies]
Collections = ["wally#roblox/luau-polyfill-collections@1.2.5 roblox", "standard"]

[graph."wally#roblox/luau-polyfill-timers@1.2.5 roblox".pkg_ref]
ref_ty = "wally"
index_url = "https://github.com/UpliftGames/wally-index"

[graph."wally#roblox/luau-polyfill-timers@1.2.5 roblox".pkg_ref.dependencies]
Collections = [{ wally = "wally#roblox/luau-polyfill-collections", version = "=1.2.5", index = "https://github.com/UpliftGames/wally-index" }, "standard"]

[graph."wally#roblox/promise@3.5.2 roblox".pkg_ref]
ref_ty = "wally"
index_url = "https://github.com/UpliftGames/wally-index"

[graph."wally#roblox/react@17.3.11 roblox"]
direct = ["React", { wally = "wally#roblox/react", version = "^17.3.11", index = "default" }, "standard"]

[graph."wally#roblox/react@17.3.11 roblox".dependencies]
LuauPolyfill = ["wally#roblox/luau-polyfill@1.2.5 roblox", "standard"]
ReactGlobals = ["wally#roblox/react-globals@17.3.11 roblox", "standard"]
Shared = ["wally#roblox/react-shared@17.3.11 roblox", "standard"]

[graph."wally#roblox/react@17.3.11 roblox".pkg_ref]
ref_ty = "wally"
index_url = "https://github.com/UpliftGames/wally-index"

[graph."wally#roblox/react@17.3.11 roblox".pkg_ref.dependencies]
LuauPolyfill = [{ wally = "wally#roblox/luau-polyfill", version = ">=1.2.5, <2.0.0", index = "https://github.com/UpliftGames/wally-index" }, "standard"]
ReactGlobals = [{ wally = "wally#roblox/react-globals", version = ">=17.0.0, <18.0.0", index = "https://github.com/UpliftGames/wally-index" }, "standard"]
Shared = [{ wally = "wally#roblox/react-shared", version = ">=17.0.0, <18.0.0", index = "https://github.com/UpliftGames/wally-index" }, "standard"]

[graph."wally#roblox/react-globals@17.3.11 roblox".dependencies]
SafeFlags = ["wally#roblox/safe-flags@0.1.2 roblox", "standard"]

[graph."wally#roblox/react-globals@17.3.11 roblox".pkg_ref]
ref_ty = "wally"
index_url = "https://github.com/UpliftGames/wally-index"

[graph."wally#roblox/react-globals@17.3.11 roblox".pkg_ref.dependencies]
SafeFlags = [{ wally = "wally#roblox/safe-flags", version = ">=0.1.2, <0.2.0", index = "https://github.com/UpliftGames/wally-index" }, "standard"]

[graph."wally#roblox/react-reconciler@17.3.11 roblox".dependencies]
LuauPolyfill = ["wally#roblox/luau-polyfill@1.2.5 roblox", "standard"]
Promise = ["wally#roblox/promise@3.5.2 roblox", "standard"]
React = ["wally#roblox/react@17.3.11 roblox", "standard"]
ReactGlobals = ["wally#roblox/react-globals@17.3.11 roblox", "standard"]
SafeFlags = ["wally#roblox/safe-flags@0.1.2 roblox", "standard"]
Scheduler = ["wally#roblox/react-scheduler@17.3.11 roblox", "standard"]
Shared = ["wally#roblox/react-shared@17.3.11 roblox", "standard"]

[graph."wally#roblox/react-reconciler@17.3.11 roblox".pkg_ref]
ref_ty = "wally"
index_url = "https://github.com/UpliftGames/wally-index"

[graph."wally#roblox/react-reconciler@17.3.11 roblox".pkg_ref.dependencies]
LuauPolyfill = [{ wally = "wally#roblox/luau-polyfill", version = ">=1.2.5, <2.0.0", index = "https://github.com/UpliftGames/wally-index" }, "standard"]
Promise = [{ wally = "wally#roblox/promise", version = ">=3.5.2, <4.0.0", index = "https://github.com/UpliftGames/wally-index" }, "standard"]
React = [{ wally = "wally#roblox/react", version = ">=17.0.0, <18.0.0", index = "https://github.com/UpliftGames/wally-index" }, "standard"]
ReactGlobals = [{ wally = "wally#roblox/react-globals", version = ">=17.0.0, <18.0.0", index = "https://github.com/UpliftGames/wally-index" }, "standard"]
SafeFlags = [{ wally = "wally#roblox/safe-flags", version = ">=0.1.2, <0.2.0", index = "https://github.com/UpliftGames/wally-index" }, "standard"]
Scheduler = [{ wally = "wally#roblox/react-scheduler", version = ">=17.0.0, <18.0.0", index = "https://github.com/UpliftGames/wally-index" }, "standard"]
Shared = [{ wally = "wally#roblox/react-shared", version = ">=17.0.0, <18.0.0", index = "https://github.com/UpliftGames/wally-index" }, "standard"]

[graph."wally#roblox/react-roblox@17.3.11 roblox"]
direct = ["ReactRoblox", { wally = "wally#roblox/react-roblox", version = "^17.3.11", index = "default" }, "dev"]

[graph."wally#roblox/react-roblox@17.3.11 roblox".dependencies]
LuauPolyfill = ["wally#roblox/luau-polyfill@1.2.5 roblox", "standard"]
React = ["wally#roblox/react@17.3.11 roblox", "standard"]
ReactGlobals = ["wally#roblox/react-globals@17.3.11 roblox", "standard"]
ReactReconciler = ["wally#roblox/react-reconciler@17.3.11 roblox", "standard"]
Scheduler = ["wally#roblox/react-scheduler@17.3.11 roblox", "standard"]
Shared = ["wally#roblox/react-shared@17.3.11 roblox", "standard"]

[graph."wally#roblox/react-roblox@17.3.11 roblox".pkg_ref]
ref_ty = "wally"
index_url = "https://github.com/UpliftGames/wally-index"

[graph."wally#roblox/react-roblox@17.3.11 roblox".pkg_ref.dependencies]
LuauPolyfill = [{ wally = "wally#roblox/luau-polyfill", version = ">=1.2.5, <2.0.0", index = "https://github.com/UpliftGames/wally-index" }, "standard"]
React = [{ wally = "wally#roblox/react", version = ">=17.0.0, <18.0.0", index = "https://github.com/UpliftGames/wally-index" }, "standard"]
ReactGlobals = [{ wally = "wally#roblox/react-globals", version = ">=17.0.0, <18.0.0", index = "https://github.com/UpliftGames/wally-index" }, "standard"]
ReactReconciler = [{ wally = "wally#roblox/react-reconciler", version = ">=17.0.0, <18.0.0", index = "https://github.com/UpliftGames/wally-index" }, "standard"]
Scheduler = [{ wally = "wally#roblox/react-scheduler", version = ">=17.0.0, <18.0.0", index = "https://github.com/UpliftGames/wally-index" }, "standard"]
Shared = [{ wally = "wally#roblox/react-shared", version = ">=17.0.0, <18.0.0", index = "https://github.com/UpliftGames/wally-index" }, "standard"]

[graph."wally#roblox/react-scheduler@17.3.11 roblox".dependencies]
LuauPolyfill = ["wally#roblox/luau-polyfill@1.2.5 roblox", "standard"]
ReactGlobals = ["wally#roblox/react-globals@17.3.11 roblox", "standard"]
SafeFlags = ["wally#roblox/safe-flags@0.1.2 roblox", "standard"]
Shared = ["wally#roblox/react-shared@17.3.11 roblox", "standard"]

[graph."wally#roblox/react-scheduler@17.3.11 roblox".pkg_ref]
ref_ty = "wally"
index_url = "https://github.com/UpliftGames/wally-index"

[graph."wally#roblox/react-scheduler@17.3.11 roblox".pkg_ref.dependencies]
LuauPolyfill = [{ wally = "wally#roblox/luau-polyfill", version = ">=1.2.5, <2.0.0", index = "https://github.com/UpliftGames/wally-index" }, "standard"]
ReactGlobals = [{ wally = "wally#roblox/react-globals", version = ">=17.0.0, <18.0.0", index = "https://github.com/UpliftGames/wally-index" }, "standard"]
SafeFlags = [{ wally = "wally#roblox/safe-flags", version = ">=0.1.2, <0.2.0", index = "https://github.com/UpliftGames/wally-index" }, "standard"]
Shared = [{ wally = "wally#roblox/react-shared", version = ">=17.0.0, <18.0.0", index = "https://github.com/UpliftGames/wally-index" }, "standard"]

[graph."wally#roblox/react-shared@17.3.11 roblox".dependencies]
LuauPolyfill = ["wally#roblox/luau-polyfill@1.2.5 roblox", "standard"]
ReactGlobals = ["wally#roblox/react-globals@17.3.11 roblox", "standard"]
SafeFlags = ["wally#roblox/safe-flags@0.1.2 roblox", "standard"]

[graph."wally#roblox/react-shared@17.3.11 roblox".pkg_ref]
ref_ty = "wally"
index_url = "https://github.com/UpliftGames/wally-index"

[graph."wally#roblox/react-shared@17.3.11 roblox".pkg_ref.dependencies]
LuauPolyfill = [{ wally = "wally#roblox/luau-polyfill", version = ">=1.2.5, <2.0.0", index = "https://github.com/UpliftGames/wally-index" }, "standard"]
ReactGlobals = [{ wally = "wally#roblox/react-globals", version = ">=17.0.0, <18.0.0", index = "https://github.com/UpliftGames/wally-index" }, "standard"]
SafeFlags = [{ wally = "wally#roblox/safe-flags", version = ">=0.1.2, <0.2.0", index = "https://github.com/UpliftGames/wally-index" }, "standard"]

[graph."wally#roblox/safe-flags@0.1.2 roblox".pkg_ref]
ref_ty = "wally"
index_url = "https://github.com/UpliftGames/wally-index"

[graph."wally#roblox/symbol@1.0.1 roblox".pkg_ref]
ref_ty = "wally"
index_url = "https://github.com/UpliftGames/wally-index"
